
Microsoft Visual Studio Solution File, Format Version 12.00
# Visual Studio Version 17
VisualStudioVersion = 17.14.36221.1
MinimumVisualStudioVersion = 10.0.40219.1
Project("{FAE04EC0-301F-11D3-BF4B-00C04F79EFBC}") = "API", "API.csproj", "{01C1511E-9EBB-4D2D-B5D3-BF18FA441AB0}"
EndProject
Project("{FAE04EC0-301F-11D3-BF4B-00C04F79EFBC}") = "Service", "..\Services\Service.csproj", "{7F676117-03B3-45E4-AA93-6A23BE07A518}"
EndProject
Project("{FAE04EC0-301F-11D3-BF4B-00C04F79EFBC}") = "Repository", "..\Repository\Repository.csproj", "{EEB8B289-BFF2-4D8D-B07A-D0C8A6111F4F}"
EndProject
Global
	GlobalSection(SolutionConfigurationPlatforms) = preSolution
		Debug|Any CPU = Debug|Any CPU
		Release|Any CPU = Release|Any CPU
	EndGlobalSection
	GlobalSection(ProjectConfigurationPlatforms) = postSolution
		{01C1511E-9EBB-4D2D-B5D3-BF18FA441AB0}.Debug|Any CPU.ActiveCfg = Debug|Any CPU
		{01C1511E-9EBB-4D2D-B5D3-BF18FA441AB0}.Debug|Any CPU.Build.0 = Debug|Any CPU
		{01C1511E-9EBB-4D2D-B5D3-BF18FA441AB0}.Release|Any CPU.ActiveCfg = Release|Any CPU
		{01C1511E-9EBB-4D2D-B5D3-BF18FA441AB0}.Release|Any CPU.Build.0 = Release|Any CPU
		{7F676117-03B3-45E4-AA93-6A23BE07A518}.Debug|Any CPU.ActiveCfg = Debug|Any CPU
		{7F676117-03B3-45E4-AA93-6A23BE07A518}.Debug|Any CPU.Build.0 = Debug|Any CPU
		{7F676117-03B3-45E4-AA93-6A23BE07A518}.Release|Any CPU.ActiveCfg = Release|Any CPU
		{7F676117-03B3-45E4-AA93-6A23BE07A518}.Release|Any CPU.Build.0 = Release|Any CPU
		{EEB8B289-BFF2-4D8D-B07A-D0C8A6111F4F}.Debug|Any CPU.ActiveCfg = Debug|Any CPU
		{EEB8B289-BFF2-4D8D-B07A-D0C8A6111F4F}.Debug|Any CPU.Build.0 = Debug|Any CPU
		{EEB8B289-BFF2-4D8D-B07A-D0C8A6111F4F}.Release|Any CPU.ActiveCfg = Release|Any CPU
		{EEB8B289-BFF2-4D8D-B07A-D0C8A6111F4F}.Release|Any CPU.Build.0 = Release|Any CPU
	EndGlobalSection
	GlobalSection(SolutionProperties) = preSolution
		HideSolutionNode = FALSE
	EndGlobalSection
	GlobalSection(ExtensibilityGlobals) = postSolution
		SolutionGuid = {F058C4E7-C9AD-474E-9205-7FD251FBED39}
	EndGlobalSection
EndGlobal
